// !$*UTF8*$!
{
	archiveVersion = 1;
	classes = {
	};
	objectVersion = 56;
	objects = {

/* Begin PBXBuildFile section */
		D915AE312BDEF4E30045D213 /* AppDelegate.swift in Sources */ = {isa = PBXBuildFile; fileRef = D915AE302BDEF4E30045D213 /* AppDelegate.swift */; };
		D915AE332BDEF4E30045D213 /* SceneDelegate.swift in Sources */ = {isa = PBXBuildFile; fileRef = D915AE322BDEF4E30045D213 /* SceneDelegate.swift */; };
		D915AE352BDEF4E30045D213 /* ViewController.swift in Sources */ = {isa = PBXBuildFile; fileRef = D915AE342BDEF4E30045D213 /* ViewController.swift */; };
		D915AE382BDEF4E30045D213 /* Main.storyboard in Resources */ = {isa = PBXBuildFile; fileRef = D915AE362BDEF4E30045D213 /* Main.storyboard */; };
		D915AE3A2BDEF4E60045D213 /* Assets.xcassets in Resources */ = {isa = PBXBuildFile; fileRef = D915AE392BDEF4E60045D213 /* Assets.xcassets */; };
		D915AE3D2BDEF4E60045D213 /* LaunchScreen.storyboard in Resources */ = {isa = PBXBuildFile; fileRef = D915AE3B2BDEF4E60045D213 /* LaunchScreen.storyboard */; };
		D915AE452BDEF6AB0045D213 /* CityTableViewCell.swift in Sources */ = {isa = PBXBuildFile; fileRef = D915AE442BDEF6AB0045D213 /* CityTableViewCell.swift */; };
/* End PBXBuildFile section */

/* Begin PBXFileReference section */
		D915AE2D2BDEF4E30045D213 /* TableView ( Cell self cizing ).app */ = {isa = PBXFileReference; explicitFileType = wrapper.application; includeInIndex = 0; path = "TableView ( Cell self cizing ).app"; sourceTree = BUILT_PRODUCTS_DIR; };
		D915AE302BDEF4E30045D213 /* AppDelegate.swift */ = {isa = PBXFileReference; lastKnownFileType = sourcecode.swift; path = AppDelegate.swift; sourceTree = "<group>"; };
		D915AE322BDEF4E30045D213 /* SceneDelegate.swift */ = {isa = PBXFileReference; lastKnownFileType = sourcecode.swift; path = SceneDelegate.swift; sourceTree = "<group>"; };
		D915AE342BDEF4E30045D213 /* ViewController.swift */ = {isa = PBXFileReference; lastKnownFileType = sourcecode.swift; path = ViewController.swift; sourceTree = "<group>"; };
		D915AE372BDEF4E30045D213 /* Base */ = {isa = PBXFileReference; lastKnownFileType = file.storyboard; name = Base; path = Base.lproj/Main.storyboard; sourceTree = "<group>"; };
		D915AE392BDEF4E60045D213 /* Assets.xcassets */ = {isa = PBXFileReference; lastKnownFileType = folder.assetcatalog; path = Assets.xcassets; sourceTree = "<group>"; };
		D915AE3C2BDEF4E60045D213 /* Base */ = {isa = PBXFileReference; lastKnownFileType = file.storyboard; name = Base; path = Base.lproj/LaunchScreen.storyboard; sourceTree = "<group>"; };
		D915AE3E2BDEF4E60045D213 /* Info.plist */ = {isa = PBXFileReference; lastKnownFileType = text.plist.xml; path = Info.plist; sourceTree = "<group>"; };
		D915AE442BDEF6AB0045D213 /* CityTableViewCell.swift */ = {isa = PBXFileReference; lastKnownFileType = sourcecode.swift; path = CityTableViewCell.swift; sourceTree = "<group>"; };
/* End PBXFileReference section */

/* Begin PBXFrameworksBuildPhase section */
		D915AE2A2BDEF4E30045D213 /* Frameworks */ = {
			isa = PBXFrameworksBuildPhase;
			buildActionMask = 2147483647;
			files = (
			);
			runOnlyForDeploymentPostprocessing = 0;
		};
/* End PBXFrameworksBuildPhase section */

/* Begin PBXGroup section */
		D915AE242BDEF4E20045D213 = {
			isa = PBXGroup;
			children = (
				D915AE2F2BDEF4E30045D213 /* TableView ( Cell self cizing ) */,
				D915AE2E2BDEF4E30045D213 /* Products */,
			);
			sourceTree = "<group>";
		};
		D915AE2E2BDEF4E30045D213 /* Products */ = {
			isa = PBXGroup;
			children = (
				D915AE2D2BDEF4E30045D213 /* TableView ( Cell self cizing ).app */,
			);
			name = Products;
			sourceTree = "<group>";
		};
		D915AE2F2BDEF4E30045D213 /* TableView ( Cell self cizing ) */ = {
			isa = PBXGroup;
			children = (
				D915AE302BDEF4E30045D213 /* AppDelegate.swift */,
				D915AE322BDEF4E30045D213 /* SceneDelegate.swift */,
				D915AE342BDEF4E30045D213 /* ViewController.swift */,
				D915AE442BDEF6AB0045D213 /* CityTableViewCell.swift */,
				D915AE362BDEF4E30045D213 /* Main.storyboard */,
				D915AE392BDEF4E60045D213 /* Assets.xcassets */,
				D915AE3B2BDEF4E60045D213 /* LaunchScreen.storyboard */,
				D915AE3E2BDEF4E60045D213 /* Info.plist */,
			);
			path = "TableView ( Cell self cizing )";
			sourceTree = "<group>";
		};
/* End PBXGroup section */

/* Begin PBXNativeTarget section */
		D915AE2C2BDEF4E30045D213 /* TableView ( Cell self cizing ) */ = {
			isa = PBXNativeTarget;
			buildConfigurationList = D915AE412BDEF4E60045D213 /* Build configuration list for PBXNativeTarget "TableView ( Cell self cizing )" */;
			buildPhases = (
				D915AE292BDEF4E30045D213 /* Sources */,
				D915AE2A2BDEF4E30045D213 /* Frameworks */,
				D915AE2B2BDEF4E30045D213 /* Resources */,
			);
			buildRules = (
			);
			dependencies = (
			);
			name = "TableView ( Cell self cizing )";
			productName = "TableView ( Cell self cizing )";
			productReference = D915AE2D2BDEF4E30045D213 /* TableView ( Cell self cizing ).app */;
			productType = "com.apple.product-type.application";
		};
/* End PBXNativeTarget section */

/* Begin PBXProject section */
		D915AE252BDEF4E20045D213 /* Project object */ = {
			isa = PBXProject;
			attributes = {
				BuildIndependentTargetsInParallel = 1;
				LastSwiftUpdateCheck = 1400;
				LastUpgradeCheck = 1400;
				TargetAttributes = {
					D915AE2C2BDEF4E30045D213 = {
						CreatedOnToolsVersion = 14.0;
					};
				};
			};
			buildConfigurationList = D915AE282BDEF4E20045D213 /* Build configuration list for PBXProject "TableView ( Cell self cizing )" */;
			compatibilityVersion = "Xcode 14.0";
			developmentRegion = en;
			hasScannedForEncodings = 0;
			knownRegions = (
				en,
				Base,
			);
			mainGroup = D915AE242BDEF4E20045D213;
			productRefGroup = D915AE2E2BDEF4E30045D213 /* Products */;
			projectDirPath = "";
			projectRoot = "";
			targets = (
				D915AE2C2BDEF4E30045D213 /* TableView ( Cell self cizing ) */,
			);
		};
/* End PBXProject section */

/* Begin PBXResourcesBuildPhase section */
		D915AE2B2BDEF4E30045D213 /* Resources */ = {
			isa = PBXResourcesBuildPhase;
			buildActionMask = 2147483647;
			files = (
				D915AE3D2BDEF4E60045D213 /* LaunchScreen.storyboard in Resources */,
				D915AE3A2BDEF4E60045D213 /* Assets.xcassets in Resources */,
				D915AE382BDEF4E30045D213 /* Main.storyboard in Resources */,
			);
			runOnlyForDeploymentPostprocessing = 0;
		};
/* End PBXResourcesBuildPhase section */

/* Begin PBXSourcesBuildPhase section */
		D915AE292BDEF4E30045D213 /* Sources */ = {
			isa = PBXSourcesBuildPhase;
			buildActionMask = 2147483647;
			files = (
				D915AE352BDEF4E30045D213 /* ViewController.swift in Sources */,
				D915AE312BDEF4E30045D213 /* AppDelegate.swift in Sources */,
				D915AE452BDEF6AB0045D213 /* CityTableViewCell.swift in Sources */,
				D915AE332BDEF4E30045D213 /* SceneDelegate.swift in Sources */,
			);
			runOnlyForDeploymentPostprocessing = 0;
		};
/* End PBXSourcesBuildPhase section */

/* Begin PBXVariantGroup section */
		D915AE362BDEF4E30045D213 /* Main.storyboard */ = {
			isa = PBXVariantGroup;
			children = (
				D915AE372BDEF4E30045D213 /* Base */,
			);
			name = Main.storyboard;
			sourceTree = "<group>";
		};
		D915AE3B2BDEF4E60045D213 /* LaunchScreen.storyboard */ = {
			isa = PBXVariantGroup;
			children = (
				D915AE3C2BDEF4E60045D213 /* Base */,
			);
			name = LaunchScreen.storyboard;
			sourceTree = "<group>";
		};
/* End PBXVariantGroup section */

/* Begin XCBuildConfiguration section */
		D915AE3F2BDEF4E60045D213 /* Debug */ = {
			isa = XCBuildConfiguration;
			buildSettings = {
				ALWAYS_SEARCH_USER_PATHS = NO;
				CLANG_ANALYZER_NONNULL = YES;
				CLANG_ANALYZER_NUMBER_OBJECT_CONVERSION = YES_AGGRESSIVE;
				CLANG_CXX_LANGUAGE_STANDARD = "gnu++20";
				CLANG_ENABLE_MODULES = YES;
				CLANG_ENABLE_OBJC_ARC = YES;
				CLANG_ENABLE_OBJC_WEAK = YES;
				CLANG_WARN_BLOCK_CAPTURE_AUTORELEASING = YES;
				CLANG_WARN_BOOL_CONVERSION = YES;
				CLANG_WARN_COMMA = YES;
				CLANG_WARN_CONSTANT_CONVERSION = YES;
				CLANG_WARN_DEPRECATED_OBJC_IMPLEMENTATIONS = YES;
				CLANG_WARN_DIRECT_OBJC_ISA_USAGE = YES_ERROR;
				CLANG_WARN_DOCUMENTATION_COMMENTS = YES;
				CLANG_WARN_EMPTY_BODY = YES;
				CLANG_WARN_ENUM_CONVERSION = YES;
				CLANG_WARN_INFINITE_RECURSION = YES;
				CLANG_WARN_INT_CONVERSION = YES;
				CLANG_WARN_NON_LITERAL_NULL_CONVERSION = YES;
				CLANG_WARN_OBJC_IMPLICIT_RETAIN_SELF = YES;
				CLANG_WARN_OBJC_LITERAL_CONVERSION = YES;
				CLANG_WARN_OBJC_ROOT_CLASS = YES_ERROR;
				CLANG_WARN_QUOTED_INCLUDE_IN_FRAMEWORK_HEADER = YES;
				CLANG_WARN_RANGE_LOOP_ANALYSIS = YES;
				CLANG_WARN_STRICT_PROTOTYPES = YES;
				CLANG_WARN_SUSPICIOUS_MOVE = YES;
				CLANG_WARN_UNGUARDED_AVAILABILITY = YES_AGGRESSIVE;
				CLANG_WARN_UNREACHABLE_CODE = YES;
				CLANG_WARN__DUPLICATE_METHOD_MATCH = YES;
				COPY_PHASE_STRIP = NO;
				DEBUG_INFORMATION_FORMAT = dwarf;
				ENABLE_STRICT_OBJC_MSGSEND = YES;
				ENABLE_TESTABILITY = YES;
				GCC_C_LANGUAGE_STANDARD = gnu11;
				GCC_DYNAMIC_NO_PIC = NO;
				GCC_NO_COMMON_BLOCKS = YES;
				GCC_OPTIMIZATION_LEVEL = 0;
				GCC_PREPROCESSOR_DEFINITIONS = (
					"DEBUG=1",
					"$(inherited)",
				);
				GCC_WARN_64_TO_32_BIT_CONVERSION = YES;
				GCC_WARN_ABOUT_RETURN_TYPE = YES_ERROR;
				GCC_WARN_UNDECLARED_SELECTOR = YES;
				GCC_WARN_UNINITIALIZED_AUTOS = YES_AGGRESSIVE;
				GCC_WARN_UNUSED_FUNCTION = YES;
				GCC_WARN_UNUSED_VARIABLE = YES;
				IPHONEOS_DEPLOYMENT_TARGET = 16.0;
				MTL_ENABLE_DEBUG_INFO = INCLUDE_SOURCE;
				MTL_FAST_MATH = YES;
				ONLY_ACTIVE_ARCH = YES;
				SDKROOT = iphoneos;
				SWIFT_ACTIVE_COMPILATION_CONDITIONS = DEBUG;
				SWIFT_OPTIMIZATION_LEVEL = "-Onone";
			};
			name = Debug;
		};
		D915AE402BDEF4E60045D213 /* Release */ = {
			isa = XCBuildConfiguration;
			buildSettings = {
				ALWAYS_SEARCH_USER_PATHS = NO;
				CLANG_ANALYZER_NONNULL = YES;
				CLANG_ANALYZER_NUMBER_OBJECT_CONVERSION = YES_AGGRESSIVE;
				CLANG_CXX_LANGUAGE_STANDARD = "gnu++20";
				CLANG_ENABLE_MODULES = YES;
				CLANG_ENABLE_OBJC_ARC = YES;
				CLANG_ENABLE_OBJC_WEAK = YES;
				CLANG_WARN_BLOCK_CAPTURE_AUTORELEASING = YES;
				CLANG_WARN_BOOL_CONVERSION = YES;
				CLANG_WARN_COMMA = YES;
				CLANG_WARN_CONSTANT_CONVERSION = YES;
				CLANG_WARN_DEPRECATED_OBJC_IMPLEMENTATIONS = YES;
				CLANG_WARN_DIRECT_OBJC_ISA_USAGE = YES_ERROR;
				CLANG_WARN_DOCUMENTATION_COMMENTS = YES;
				CLANG_WARN_EMPTY_BODY = YES;
				CLANG_WARN_ENUM_CONVERSION = YES;
				CLANG_WARN_INFINITE_RECURSION = YES;
				CLANG_WARN_INT_CONVERSION = YES;
				CLANG_WARN_NON_LITERAL_NULL_CONVERSION = YES;
				CLANG_WARN_OBJC_IMPLICIT_RETAIN_SELF = YES;
				CLANG_WARN_OBJC_LITERAL_CONVERSION = YES;
				CLANG_WARN_OBJC_ROOT_CLASS = YES_ERROR;
				CLANG_WARN_QUOTED_INCLUDE_IN_FRAMEWORK_HEADER = YES;
				CLANG_WARN_RANGE_LOOP_ANALYSIS = YES;
				CLANG_WARN_STRICT_PROTOTYPES = YES;
				CLANG_WARN_SUSPICIOUS_MOVE = YES;
				CLANG_WARN_UNGUARDED_AVAILABILITY = YES_AGGRESSIVE;
				CLANG_WARN_UNREACHABLE_CODE = YES;
				CLANG_WARN__DUPLICATE_METHOD_MATCH = YES;
				COPY_PHASE_STRIP = NO;
				DEBUG_INFORMATION_FORMAT = "dwarf-with-dsym";
				ENABLE_NS_ASSERTIONS = NO;
				ENABLE_STRICT_OBJC_MSGSEND = YES;
				GCC_C_LANGUAGE_STANDARD = gnu11;
				GCC_NO_COMMON_BLOCKS = YES;
				GCC_WARN_64_TO_32_BIT_CONVERSION = YES;
				GCC_WARN_ABOUT_RETURN_TYPE = YES_ERROR;
				GCC_WARN_UNDECLARED_SELECTOR = YES;
				GCC_WARN_UNINITIALIZED_AUTOS = YES_AGGRESSIVE;
				GCC_WARN_UNUSED_FUNCTION = YES;
				GCC_WARN_UNUSED_VARIABLE = YES;
				IPHONEOS_DEPLOYMENT_TARGET = 16.0;
				MTL_ENABLE_DEBUG_INFO = NO;
				MTL_FAST_MATH = YES;
				SDKROOT = iphoneos;
				SWIFT_COMPILATION_MODE = wholemodule;
				SWIFT_OPTIMIZATION_LEVEL = "-O";
				VALIDATE_PRODUCT = YES;
			};
			name = Release;
		};
		D915AE422BDEF4E60045D213 /* Debug */ = {
			isa = XCBuildConfiguration;
			buildSettings = {
				ASSETCATALOG_COMPILER_APPICON_NAME = AppIcon;
				ASSETCATALOG_COMPILER_GLOBAL_ACCENT_COLOR_NAME = AccentColor;
				CODE_SIGN_STYLE = Automatic;
				CURRENT_PROJECT_VERSION = 1;
				GENERATE_INFOPLIST_FILE = YES;
				INFOPLIST_FILE = "TableView ( Cell self cizing )/Info.plist";
				INFOPLIST_KEY_UIApplicationSupportsIndirectInputEvents = YES;
				INFOPLIST_KEY_UILaunchStoryboardName = LaunchScreen;
				INFOPLIST_KEY_UIMainStoryboardFile = Main;
				INFOPLIST_KEY_UISupportedInterfaceOrientations_iPad = "UIInterfaceOrientationPortrait UIInterfaceOrientationPortraitUpsideDown UIInterfaceOrientationLandscapeLeft UIInterfaceOrientationLandscapeRight";
				INFOPLIST_KEY_UISupportedInterfaceOrientations_iPhone = "UIInterfaceOrientationPortrait UIInterfaceOrientationLandscapeLeft UIInterfaceOrientationLandscapeRight";
				LD_RUNPATH_SEARCH_PATHS = (
					"$(inherited)",
					"@executable_path/Frameworks",
				);
				MARKETING_VERSION = 1.0;
				PRODUCT_BUNDLE_IDENTIFIER = "com.gabal.TableView---Cell-self-cizing--";
				PRODUCT_NAME = "$(TARGET_NAME)";
				SWIFT_EMIT_LOC_STRINGS = YES;
				SWIFT_VERSION = 5.0;
				TARGETED_DEVICE_FAMILY = "1,2";
			};
			name = Debug;
		};
		D915AE432BDEF4E60045D213 /* Release */ = {
			isa = XCBuildConfiguration;
			buildSettings = {
				ASSETCATALOG_COMPILER_APPICON_NAME = AppIcon;
				ASSETCATALOG_COMPILER_GLOBAL_ACCENT_COLOR_NAME = AccentColor;
				CODE_SIGN_STYLE = Automatic;
				CURRENT_PROJECT_VERSION = 1;
				GENERATE_INFOPLIST_FILE = YES;
				INFOPLIST_FILE = "TableView ( Cell self cizing )/Info.plist";
				INFOPLIST_KEY_UIApplicationSupportsIndirectInputEvents = YES;
				INFOPLIST_KEY_UILaunchStoryboardName = LaunchScreen;
				INFOPLIST_KEY_UIMainStoryboardFile = Main;
				INFOPLIST_KEY_UISupportedInterfaceOrientations_iPad = "UIInterfaceOrientationPortrait UIInterfaceOrientationPortraitUpsideDown UIInterfaceOrientationLandscapeLeft UIInterfaceOrientationLandscapeRight";
				INFOPLIST_KEY_UISupportedInterfaceOrientations_iPhone = "UIInterfaceOrientationPortrait UIInterfaceOrientationLandscapeLeft UIInterfaceOrientationLandscapeRight";
				LD_RUNPATH_SEARCH_PATHS = (
					"$(inherited)",
					"@executable_path/Frameworks",
				);
				MARKETING_VERSION = 1.0;
				PRODUCT_BUNDLE_IDENTIFIER = "com.gabal.TableView---Cell-self-cizing--";
				PRODUCT_NAME = "$(TARGET_NAME)";
				SWIFT_EMIT_LOC_STRINGS = YES;
				SWIFT_VERSION = 5.0;
				TARGETED_DEVICE_FAMILY = "1,2";
			};
			name = Release;
		};
/* End XCBuildConfiguration section */

/* Begin XCConfigurationList section */
		D915AE282BDEF4E20045D213 /* Build configuration list for PBXProject "TableView ( Cell self cizing )" */ = {
			isa = XCConfigurationList;
			buildConfigurations = (
				D915AE3F2BDEF4E60045D213 /* Debug */,
				D915AE402BDEF4E60045D213 /* Release */,
			);
			defaultConfigurationIsVisible = 0;
			defaultConfigurationName = Release;
		};
		D915AE412BDEF4E60045D213 /* Build configuration list for PBXNativeTarget "TableView ( Cell self cizing )" */ = {
			isa = XCConfigurationList;
			buildConfigurations = (
				D915AE422BDEF4E60045D213 /* Debug */,
				D915AE432BDEF4E60045D213 /* Release */,
			);
			defaultConfigurationIsVisible = 0;
			defaultConfigurationName = Release;
		};
/* End XCConfigurationList section */
	};
	rootObject = D915AE252BDEF4E20045D213 /* Project object */;
}
